
Microsoft Visual Studio Solution File, Format Version 12.00
# Visual Studio Version 17
VisualStudioVersion = 17.0.32112.339
MinimumVisualStudioVersion = 10.0.40219.1
Project("{FAE04EC0-301F-11D3-BF4B-00C04F79EFBC}") = "SpringFieldNuclear", "SpringFieldNuclear\SpringFieldNuclear.csproj", "{E9341EA3-E56F-414E-A687-0698B5376943}"
EndProject
Global
	GlobalSection(SolutionConfigurationPlatforms) = preSolution
		Debug|Any CPU = Debug|Any CPU
		Release|Any CPU = Release|Any CPU
	EndGlobalSection
	GlobalSection(ProjectConfigurationPlatforms) = postSolution
		{E9341EA3-E56F-414E-A687-0698B5376943}.Debug|Any CPU.ActiveCfg = Debug|Any CPU
		{E9341EA3-E56F-414E-A687-0698B5376943}.Debug|Any CPU.Build.0 = Debug|Any CPU
		{E9341EA3-E56F-414E-A687-0698B5376943}.Release|Any CPU.ActiveCfg = Release|Any CPU
		{E9341EA3-E56F-414E-A687-0698B5376943}.Release|Any CPU.Build.0 = Release|Any CPU
	EndGlobalSection
	GlobalSection(SolutionProperties) = preSolution
		HideSolutionNode = FALSE
	EndGlobalSection
	GlobalSection(ExtensibilityGlobals) = postSolution
		SolutionGuid = {FB8BF0A4-C3C1-4AE1-9C1E-D89635DD803B}
	EndGlobalSection
EndGlobal
